// !$*UTF8*$!
{
	archiveVersion = 1;
	classes = {
	};
	objectVersion = 46;
	objects = {

/* Begin PBXBuildFile section */
		6F046C551CBC8617005D6726 /* main.cpp in Sources */ = {isa = PBXBuildFile; fileRef = 6F046C541CBC8617005D6726 /* main.cpp */; };
		6F046C5D1CBC865F005D6726 /* CGGeometry.cpp in Sources */ = {isa = PBXBuildFile; fileRef = 6F046C5C1CBC865F005D6726 /* CGGeometry.cpp */; };
		6F046C5F1CBC875F005D6726 /* OpenGL.framework in Frameworks */ = {isa = PBXBuildFile; fileRef = 6F046C5E1CBC875F005D6726 /* OpenGL.framework */; };
		6F046C611CBC8765005D6726 /* GLUT.framework in Frameworks */ = {isa = PBXBuildFile; fileRef = 6F046C601CBC8765005D6726 /* GLUT.framework */; };
		6F046C641CBC87DF005D6726 /* Toolpanel.cpp in Sources */ = {isa = PBXBuildFile; fileRef = 6F046C621CBC87DF005D6726 /* Toolpanel.cpp */; };
		6F046C671CBC8B5A005D6726 /* ColorPalette.cpp in Sources */ = {isa = PBXBuildFile; fileRef = 6F046C651CBC8B5A005D6726 /* ColorPalette.cpp */; };
		6F046C6A1CBCAB47005D6726 /* CGView.cpp in Sources */ = {isa = PBXBuildFile; fileRef = 6F046C681CBCAB47005D6726 /* CGView.cpp */; };
		6F046C6D1CBCB300005D6726 /* CGButton.cpp in Sources */ = {isa = PBXBuildFile; fileRef = 6F046C6B1CBCB300005D6726 /* CGButton.cpp */; };
		6F046C701CBCBF0D005D6726 /* ColorButton.cpp in Sources */ = {isa = PBXBuildFile; fileRef = 6F046C6E1CBCBF0D005D6726 /* ColorButton.cpp */; };
		6FCE96241CCCF54600F28E02 /* Fill.cpp in Sources */ = {isa = PBXBuildFile; fileRef = 6FCE96221CCCF54600F28E02 /* Fill.cpp */; };
		A3D3C78A1CC47286003350D9 /* Circle.cpp in Sources */ = {isa = PBXBuildFile; fileRef = A3D3C7881CC47286003350D9 /* Circle.cpp */; };
		A3D3C78D1CC48E3F003350D9 /* Point.cpp in Sources */ = {isa = PBXBuildFile; fileRef = A3D3C78B1CC48E3F003350D9 /* Point.cpp */; };
		A3FB678D1CBDBB6600CB3A7A /* Canvas.cpp in Sources */ = {isa = PBXBuildFile; fileRef = A3FB678B1CBDBB6600CB3A7A /* Canvas.cpp */; };
		A3FB67901CBDBC6200CB3A7A /* Drawable.cpp in Sources */ = {isa = PBXBuildFile; fileRef = A3FB678E1CBDBC6200CB3A7A /* Drawable.cpp */; };
		A3FB67931CBDC77100CB3A7A /* Polygon.cpp in Sources */ = {isa = PBXBuildFile; fileRef = A3FB67911CBDC77100CB3A7A /* Polygon.cpp */; };
		A3FB67961CBE169E00CB3A7A /* Line.cpp in Sources */ = {isa = PBXBuildFile; fileRef = A3FB67941CBE169E00CB3A7A /* Line.cpp */; };
		A3FB67991CBE18FA00CB3A7A /* Rectangle.cpp in Sources */ = {isa = PBXBuildFile; fileRef = A3FB67971CBE18FA00CB3A7A /* Rectangle.cpp */; };
		A3FB67D31CBF18B300CB3A7A /* Toolbar.cpp in Sources */ = {isa = PBXBuildFile; fileRef = A3FB67D11CBF18B300CB3A7A /* Toolbar.cpp */; };
/* End PBXBuildFile section */

/* Begin PBXCopyFilesBuildPhase section */
		6F046C4F1CBC8617005D6726 /* CopyFiles */ = {
			isa = PBXCopyFilesBuildPhase;
			buildActionMask = 2147483647;
			dstPath = /usr/share/man/man1/;
			dstSubfolderSpec = 0;
			files = (
			);
			runOnlyForDeploymentPostprocessing = 1;
		};
/* End PBXCopyFilesBuildPhase section */

/* Begin PBXFileReference section */
		6F046C511CBC8617005D6726 /* GLUTDrawingApp */ = {isa = PBXFileReference; explicitFileType = "compiled.mach-o.executable"; includeInIndex = 0; path = GLUTDrawingApp; sourceTree = BUILT_PRODUCTS_DIR; };
		6F046C541CBC8617005D6726 /* main.cpp */ = {isa = PBXFileReference; lastKnownFileType = sourcecode.cpp.cpp; path = main.cpp; sourceTree = "<group>"; };
		6F046C5B1CBC865F005D6726 /* CGGeometry.hpp */ = {isa = PBXFileReference; fileEncoding = 4; lastKnownFileType = sourcecode.cpp.h; path = CGGeometry.hpp; sourceTree = "<group>"; };
		6F046C5C1CBC865F005D6726 /* CGGeometry.cpp */ = {isa = PBXFileReference; fileEncoding = 4; lastKnownFileType = sourcecode.cpp.cpp; path = CGGeometry.cpp; sourceTree = "<group>"; };
		6F046C5E1CBC875F005D6726 /* OpenGL.framework */ = {isa = PBXFileReference; lastKnownFileType = wrapper.framework; name = OpenGL.framework; path = System/Library/Frameworks/OpenGL.framework; sourceTree = SDKROOT; };
		6F046C601CBC8765005D6726 /* GLUT.framework */ = {isa = PBXFileReference; lastKnownFileType = wrapper.framework; name = GLUT.framework; path = System/Library/Frameworks/GLUT.framework; sourceTree = SDKROOT; };
		6F046C621CBC87DF005D6726 /* Toolpanel.cpp */ = {isa = PBXFileReference; fileEncoding = 4; lastKnownFileType = sourcecode.cpp.cpp; path = Toolpanel.cpp; sourceTree = "<group>"; };
		6F046C631CBC87DF005D6726 /* Toolpanel.hpp */ = {isa = PBXFileReference; fileEncoding = 4; lastKnownFileType = sourcecode.cpp.h; path = Toolpanel.hpp; sourceTree = "<group>"; };
		6F046C651CBC8B5A005D6726 /* ColorPalette.cpp */ = {isa = PBXFileReference; fileEncoding = 4; lastKnownFileType = sourcecode.cpp.cpp; path = ColorPalette.cpp; sourceTree = "<group>"; };
		6F046C661CBC8B5A005D6726 /* ColorPalette.hpp */ = {isa = PBXFileReference; fileEncoding = 4; lastKnownFileType = sourcecode.cpp.h; path = ColorPalette.hpp; sourceTree = "<group>"; };
		6F046C681CBCAB47005D6726 /* CGView.cpp */ = {isa = PBXFileReference; fileEncoding = 4; lastKnownFileType = sourcecode.cpp.cpp; path = CGView.cpp; sourceTree = "<group>"; };
		6F046C691CBCAB47005D6726 /* CGView.hpp */ = {isa = PBXFileReference; fileEncoding = 4; lastKnownFileType = sourcecode.cpp.h; path = CGView.hpp; sourceTree = "<group>"; };
		6F046C6B1CBCB300005D6726 /* CGButton.cpp */ = {isa = PBXFileReference; fileEncoding = 4; lastKnownFileType = sourcecode.cpp.cpp; path = CGButton.cpp; sourceTree = "<group>"; };
		6F046C6C1CBCB300005D6726 /* CGButton.hpp */ = {isa = PBXFileReference; fileEncoding = 4; lastKnownFileType = sourcecode.cpp.h; path = CGButton.hpp; sourceTree = "<group>"; };
		6F046C6E1CBCBF0D005D6726 /* ColorButton.cpp */ = {isa = PBXFileReference; fileEncoding = 4; lastKnownFileType = sourcecode.cpp.cpp; path = ColorButton.cpp; sourceTree = "<group>"; };
		6F046C6F1CBCBF0D005D6726 /* ColorButton.hpp */ = {isa = PBXFileReference; fileEncoding = 4; lastKnownFileType = sourcecode.cpp.h; path = ColorButton.hpp; sourceTree = "<group>"; };
		6FCE96221CCCF54600F28E02 /* Fill.cpp */ = {isa = PBXFileReference; fileEncoding = 4; lastKnownFileType = sourcecode.cpp.cpp; path = Fill.cpp; sourceTree = "<group>"; };
		6FCE96231CCCF54600F28E02 /* Fill.hpp */ = {isa = PBXFileReference; fileEncoding = 4; lastKnownFileType = sourcecode.cpp.h; path = Fill.hpp; sourceTree = "<group>"; };
		A3D3C7881CC47286003350D9 /* Circle.cpp */ = {isa = PBXFileReference; fileEncoding = 4; lastKnownFileType = sourcecode.cpp.cpp; path = Circle.cpp; sourceTree = "<group>"; };
		A3D3C7891CC47286003350D9 /* Circle.hpp */ = {isa = PBXFileReference; fileEncoding = 4; lastKnownFileType = sourcecode.cpp.h; path = Circle.hpp; sourceTree = "<group>"; };
		A3D3C78B1CC48E3F003350D9 /* Point.cpp */ = {isa = PBXFileReference; fileEncoding = 4; lastKnownFileType = sourcecode.cpp.cpp; path = Point.cpp; sourceTree = "<group>"; };
		A3D3C78C1CC48E3F003350D9 /* Point.hpp */ = {isa = PBXFileReference; fileEncoding = 4; lastKnownFileType = sourcecode.cpp.h; path = Point.hpp; sourceTree = "<group>"; };
		A3FB678B1CBDBB6600CB3A7A /* Canvas.cpp */ = {isa = PBXFileReference; fileEncoding = 4; lastKnownFileType = sourcecode.cpp.cpp; path = Canvas.cpp; sourceTree = "<group>"; };
		A3FB678C1CBDBB6600CB3A7A /* Canvas.hpp */ = {isa = PBXFileReference; fileEncoding = 4; lastKnownFileType = sourcecode.cpp.h; path = Canvas.hpp; sourceTree = "<group>"; };
		A3FB678E1CBDBC6200CB3A7A /* Drawable.cpp */ = {isa = PBXFileReference; fileEncoding = 4; lastKnownFileType = sourcecode.cpp.cpp; path = Drawable.cpp; sourceTree = "<group>"; };
		A3FB678F1CBDBC6200CB3A7A /* Drawable.hpp */ = {isa = PBXFileReference; fileEncoding = 4; lastKnownFileType = sourcecode.cpp.h; path = Drawable.hpp; sourceTree = "<group>"; };
		A3FB67911CBDC77100CB3A7A /* Polygon.cpp */ = {isa = PBXFileReference; fileEncoding = 4; lastKnownFileType = sourcecode.cpp.cpp; path = Polygon.cpp; sourceTree = "<group>"; };
		A3FB67921CBDC77100CB3A7A /* Polygon.hpp */ = {isa = PBXFileReference; fileEncoding = 4; lastKnownFileType = sourcecode.cpp.h; path = Polygon.hpp; sourceTree = "<group>"; };
		A3FB67941CBE169E00CB3A7A /* Line.cpp */ = {isa = PBXFileReference; fileEncoding = 4; lastKnownFileType = sourcecode.cpp.cpp; path = Line.cpp; sourceTree = "<group>"; };
		A3FB67951CBE169E00CB3A7A /* Line.hpp */ = {isa = PBXFileReference; fileEncoding = 4; lastKnownFileType = sourcecode.cpp.h; path = Line.hpp; sourceTree = "<group>"; };
		A3FB67971CBE18FA00CB3A7A /* Rectangle.cpp */ = {isa = PBXFileReference; fileEncoding = 4; lastKnownFileType = sourcecode.cpp.cpp; path = Rectangle.cpp; sourceTree = "<group>"; };
		A3FB67981CBE18FA00CB3A7A /* Rectangle.hpp */ = {isa = PBXFileReference; fileEncoding = 4; lastKnownFileType = sourcecode.cpp.h; path = Rectangle.hpp; sourceTree = "<group>"; };
		A3FB67D11CBF18B300CB3A7A /* Toolbar.cpp */ = {isa = PBXFileReference; fileEncoding = 4; lastKnownFileType = sourcecode.cpp.cpp; path = Toolbar.cpp; sourceTree = "<group>"; };
		A3FB67D21CBF18B300CB3A7A /* Toolbar.hpp */ = {isa = PBXFileReference; fileEncoding = 4; lastKnownFileType = sourcecode.cpp.h; path = Toolbar.hpp; sourceTree = "<group>"; };
/* End PBXFileReference section */

/* Begin PBXFrameworksBuildPhase section */
		6F046C4E1CBC8617005D6726 /* Frameworks */ = {
			isa = PBXFrameworksBuildPhase;
			buildActionMask = 2147483647;
			files = (
				6F046C611CBC8765005D6726 /* GLUT.framework in Frameworks */,
				6F046C5F1CBC875F005D6726 /* OpenGL.framework in Frameworks */,
			);
			runOnlyForDeploymentPostprocessing = 0;
		};
/* End PBXFrameworksBuildPhase section */

/* Begin PBXGroup section */
		6F046C481CBC8616005D6726 = {
			isa = PBXGroup;
			children = (
				6F046C601CBC8765005D6726 /* GLUT.framework */,
				6F046C5E1CBC875F005D6726 /* OpenGL.framework */,
				6F046C531CBC8617005D6726 /* GLUTDrawingApp */,
				6F046C521CBC8617005D6726 /* Products */,
			);
			sourceTree = "<group>";
		};
		6F046C521CBC8617005D6726 /* Products */ = {
			isa = PBXGroup;
			children = (
				6F046C511CBC8617005D6726 /* GLUTDrawingApp */,
			);
			name = Products;
			sourceTree = "<group>";
		};
		6F046C531CBC8617005D6726 /* GLUTDrawingApp */ = {
			isa = PBXGroup;
			children = (
				A3D3C7871CC4722D003350D9 /* Drawables */,
				6F046C5B1CBC865F005D6726 /* CGGeometry.hpp */,
				6F046C5C1CBC865F005D6726 /* CGGeometry.cpp */,
				6F046C541CBC8617005D6726 /* main.cpp */,
				6F046C631CBC87DF005D6726 /* Toolpanel.hpp */,
				6F046C621CBC87DF005D6726 /* Toolpanel.cpp */,
				A3FB67D21CBF18B300CB3A7A /* Toolbar.hpp */,
				A3FB67D11CBF18B300CB3A7A /* Toolbar.cpp */,
				6F046C661CBC8B5A005D6726 /* ColorPalette.hpp */,
				6F046C651CBC8B5A005D6726 /* ColorPalette.cpp */,
				6F046C691CBCAB47005D6726 /* CGView.hpp */,
				6F046C681CBCAB47005D6726 /* CGView.cpp */,
				6F046C6C1CBCB300005D6726 /* CGButton.hpp */,
				6F046C6B1CBCB300005D6726 /* CGButton.cpp */,
				6F046C6E1CBCBF0D005D6726 /* ColorButton.cpp */,
				6F046C6F1CBCBF0D005D6726 /* ColorButton.hpp */,
				A3FB678C1CBDBB6600CB3A7A /* Canvas.hpp */,
				A3FB678B1CBDBB6600CB3A7A /* Canvas.cpp */,
			);
			path = GLUTDrawingApp;
			sourceTree = "<group>";
		};
		A3D3C7871CC4722D003350D9 /* Drawables */ = {
			isa = PBXGroup;
			children = (
				A3FB678F1CBDBC6200CB3A7A /* Drawable.hpp */,
				A3FB678E1CBDBC6200CB3A7A /* Drawable.cpp */,
				A3FB67981CBE18FA00CB3A7A /* Rectangle.hpp */,
				A3FB67971CBE18FA00CB3A7A /* Rectangle.cpp */,
				A3FB67951CBE169E00CB3A7A /* Line.hpp */,
				A3FB67941CBE169E00CB3A7A /* Line.cpp */,
				A3FB67921CBDC77100CB3A7A /* Polygon.hpp */,
				A3FB67911CBDC77100CB3A7A /* Polygon.cpp */,
				A3D3C7891CC47286003350D9 /* Circle.hpp */,
				A3D3C7881CC47286003350D9 /* Circle.cpp */,
				A3D3C78C1CC48E3F003350D9 /* Point.hpp */,
				A3D3C78B1CC48E3F003350D9 /* Point.cpp */,
				6FCE96221CCCF54600F28E02 /* Fill.cpp */,
				6FCE96231CCCF54600F28E02 /* Fill.hpp */,
			);
			name = Drawables;
			sourceTree = "<group>";
		};
/* End PBXGroup section */

/* Begin PBXNativeTarget section */
		6F046C501CBC8617005D6726 /* GLUTDrawingApp */ = {
			isa = PBXNativeTarget;
			buildConfigurationList = 6F046C581CBC8617005D6726 /* Build configuration list for PBXNativeTarget "GLUTDrawingApp" */;
			buildPhases = (
				6F046C4D1CBC8617005D6726 /* Sources */,
				6F046C4E1CBC8617005D6726 /* Frameworks */,
				6F046C4F1CBC8617005D6726 /* CopyFiles */,
			);
			buildRules = (
			);
			dependencies = (
			);
			name = GLUTDrawingApp;
			productName = GLUTDrawingApp;
			productReference = 6F046C511CBC8617005D6726 /* GLUTDrawingApp */;
			productType = "com.apple.product-type.tool";
		};
/* End PBXNativeTarget section */

/* Begin PBXProject section */
		6F046C491CBC8616005D6726 /* Project object */ = {
			isa = PBXProject;
			attributes = {
				LastUpgradeCheck = 0730;
				ORGANIZATIONNAME = "Benjamin Johnson";
				TargetAttributes = {
					6F046C501CBC8617005D6726 = {
						CreatedOnToolsVersion = 7.3;
					};
				};
			};
			buildConfigurationList = 6F046C4C1CBC8616005D6726 /* Build configuration list for PBXProject "GLUTDrawingApp" */;
			compatibilityVersion = "Xcode 3.2";
			developmentRegion = English;
			hasScannedForEncodings = 0;
			knownRegions = (
				en,
			);
			mainGroup = 6F046C481CBC8616005D6726;
			productRefGroup = 6F046C521CBC8617005D6726 /* Products */;
			projectDirPath = "";
			projectRoot = "";
			targets = (
				6F046C501CBC8617005D6726 /* GLUTDrawingApp */,
			);
		};
/* End PBXProject section */

/* Begin PBXSourcesBuildPhase section */
		6F046C4D1CBC8617005D6726 /* Sources */ = {
			isa = PBXSourcesBuildPhase;
			buildActionMask = 2147483647;
			files = (
				6FCE96241CCCF54600F28E02 /* Fill.cpp in Sources */,
				A3FB67D31CBF18B300CB3A7A /* Toolbar.cpp in Sources */,
				6F046C551CBC8617005D6726 /* main.cpp in Sources */,
				6F046C701CBCBF0D005D6726 /* ColorButton.cpp in Sources */,
				6F046C5D1CBC865F005D6726 /* CGGeometry.cpp in Sources */,
				A3FB67961CBE169E00CB3A7A /* Line.cpp in Sources */,
				A3FB67901CBDBC6200CB3A7A /* Drawable.cpp in Sources */,
				6F046C6D1CBCB300005D6726 /* CGButton.cpp in Sources */,
				A3D3C78A1CC47286003350D9 /* Circle.cpp in Sources */,
				6F046C641CBC87DF005D6726 /* Toolpanel.cpp in Sources */,
				A3FB67931CBDC77100CB3A7A /* Polygon.cpp in Sources */,
				6F046C671CBC8B5A005D6726 /* ColorPalette.cpp in Sources */,
				6F046C6A1CBCAB47005D6726 /* CGView.cpp in Sources */,
				A3D3C78D1CC48E3F003350D9 /* Point.cpp in Sources */,
				A3FB678D1CBDBB6600CB3A7A /* Canvas.cpp in Sources */,
				A3FB67991CBE18FA00CB3A7A /* Rectangle.cpp in Sources */,
			);
			runOnlyForDeploymentPostprocessing = 0;
		};
/* End PBXSourcesBuildPhase section */

/* Begin XCBuildConfiguration section */
		6F046C561CBC8617005D6726 /* Debug */ = {
			isa = XCBuildConfiguration;
			buildSettings = {
				ALWAYS_SEARCH_USER_PATHS = NO;
				CLANG_ANALYZER_NONNULL = YES;
				CLANG_CXX_LANGUAGE_STANDARD = "gnu++0x";
				CLANG_CXX_LIBRARY = "libc++";
				CLANG_ENABLE_MODULES = YES;
				CLANG_ENABLE_OBJC_ARC = YES;
				CLANG_WARN_BOOL_CONVERSION = YES;
				CLANG_WARN_CONSTANT_CONVERSION = YES;
				CLANG_WARN_DIRECT_OBJC_ISA_USAGE = YES_ERROR;
				CLANG_WARN_EMPTY_BODY = YES;
				CLANG_WARN_ENUM_CONVERSION = YES;
				CLANG_WARN_INT_CONVERSION = YES;
				CLANG_WARN_OBJC_ROOT_CLASS = YES_ERROR;
				CLANG_WARN_UNREACHABLE_CODE = YES;
				CLANG_WARN__DUPLICATE_METHOD_MATCH = YES;
				CODE_SIGN_IDENTITY = "-";
				COPY_PHASE_STRIP = NO;
				DEBUG_INFORMATION_FORMAT = dwarf;
				ENABLE_STRICT_OBJC_MSGSEND = YES;
				ENABLE_TESTABILITY = YES;
				GCC_C_LANGUAGE_STANDARD = gnu99;
				GCC_DYNAMIC_NO_PIC = NO;
				GCC_NO_COMMON_BLOCKS = YES;
				GCC_OPTIMIZATION_LEVEL = 0;
				GCC_PREPROCESSOR_DEFINITIONS = (
					"DEBUG=1",
					"$(inherited)",
				);
				GCC_WARN_64_TO_32_BIT_CONVERSION = YES;
				GCC_WARN_ABOUT_RETURN_TYPE = YES_ERROR;
				GCC_WARN_UNDECLARED_SELECTOR = YES;
				GCC_WARN_UNINITIALIZED_AUTOS = YES_AGGRESSIVE;
				GCC_WARN_UNUSED_FUNCTION = YES;
				GCC_WARN_UNUSED_VARIABLE = YES;
				MACOSX_DEPLOYMENT_TARGET = 10.11;
				MTL_ENABLE_DEBUG_INFO = YES;
				ONLY_ACTIVE_ARCH = YES;
				SDKROOT = macosx;
			};
			name = Debug;
		};
		6F046C571CBC8617005D6726 /* Release */ = {
			isa = XCBuildConfiguration;
			buildSettings = {
				ALWAYS_SEARCH_USER_PATHS = NO;
				CLANG_ANALYZER_NONNULL = YES;
				CLANG_CXX_LANGUAGE_STANDARD = "gnu++0x";
				CLANG_CXX_LIBRARY = "libc++";
				CLANG_ENABLE_MODULES = YES;
				CLANG_ENABLE_OBJC_ARC = YES;
				CLANG_WARN_BOOL_CONVERSION = YES;
				CLANG_WARN_CONSTANT_CONVERSION = YES;
				CLANG_WARN_DIRECT_OBJC_ISA_USAGE = YES_ERROR;
				CLANG_WARN_EMPTY_BODY = YES;
				CLANG_WARN_ENUM_CONVERSION = YES;
				CLANG_WARN_INT_CONVERSION = YES;
				CLANG_WARN_OBJC_ROOT_CLASS = YES_ERROR;
				CLANG_WARN_UNREACHABLE_CODE = YES;
				CLANG_WARN__DUPLICATE_METHOD_MATCH = YES;
				CODE_SIGN_IDENTITY = "-";
				COPY_PHASE_STRIP = NO;
				DEBUG_INFORMATION_FORMAT = "dwarf-with-dsym";
				ENABLE_NS_ASSERTIONS = NO;
				ENABLE_STRICT_OBJC_MSGSEND = YES;
				GCC_C_LANGUAGE_STANDARD = gnu99;
				GCC_NO_COMMON_BLOCKS = YES;
				GCC_WARN_64_TO_32_BIT_CONVERSION = YES;
				GCC_WARN_ABOUT_RETURN_TYPE = YES_ERROR;
				GCC_WARN_UNDECLARED_SELECTOR = YES;
				GCC_WARN_UNINITIALIZED_AUTOS = YES_AGGRESSIVE;
				GCC_WARN_UNUSED_FUNCTION = YES;
				GCC_WARN_UNUSED_VARIABLE = YES;
				MACOSX_DEPLOYMENT_TARGET = 10.11;
				MTL_ENABLE_DEBUG_INFO = NO;
				SDKROOT = macosx;
			};
			name = Release;
		};
		6F046C591CBC8617005D6726 /* Debug */ = {
			isa = XCBuildConfiguration;
			buildSettings = {
				MACOSX_DEPLOYMENT_TARGET = 10.8;
				PRODUCT_NAME = "$(TARGET_NAME)";
			};
			name = Debug;
		};
		6F046C5A1CBC8617005D6726 /* Release */ = {
			isa = XCBuildConfiguration;
			buildSettings = {
				MACOSX_DEPLOYMENT_TARGET = 10.8;
				PRODUCT_NAME = "$(TARGET_NAME)";
			};
			name = Release;
		};
/* End XCBuildConfiguration section */

/* Begin XCConfigurationList section */
		6F046C4C1CBC8616005D6726 /* Build configuration list for PBXProject "GLUTDrawingApp" */ = {
			isa = XCConfigurationList;
			buildConfigurations = (
				6F046C561CBC8617005D6726 /* Debug */,
				6F046C571CBC8617005D6726 /* Release */,
			);
			defaultConfigurationIsVisible = 0;
			defaultConfigurationName = Release;
		};
		6F046C581CBC8617005D6726 /* Build configuration list for PBXNativeTarget "GLUTDrawingApp" */ = {
			isa = XCConfigurationList;
			buildConfigurations = (
				6F046C591CBC8617005D6726 /* Debug */,
				6F046C5A1CBC8617005D6726 /* Release */,
			);
			defaultConfigurationIsVisible = 0;
			defaultConfigurationName = Release;
		};
/* End XCConfigurationList section */
	};
	rootObject = 6F046C491CBC8616005D6726 /* Project object */;
}
